
Microsoft Visual Studio Solution File, Format Version 12.00
# Visual Studio 15
VisualStudioVersion = 15.0.27428.2037
MinimumVisualStudioVersion = 10.0.40219.1
Project("{FAE04EC0-301F-11D3-BF4B-00C04F79EFBC}") = "Microsoft.Xrm.DevOps.Data", "Microsoft.Xrm.DevOps.Data\Microsoft.Xrm.DevOps.Data.csproj", "{529034BD-2E55-4ADA-AAC9-BE47DA1DE108}"
EndProject
Project("{FAE04EC0-301F-11D3-BF4B-00C04F79EFBC}") = "Microsoft.Xrm.DevOps.Data.Tests", "Microsoft.Xrm.DevOps.Data.Tests\Microsoft.Xrm.DevOps.Data.Tests.csproj", "{884F72BF-53B3-4514-A30E-F1FBE6972118}"
EndProject
Project("{FAE04EC0-301F-11D3-BF4B-00C04F79EFBC}") = "Microsoft.Xrm.DevOps.Data.PowerShell", "Microsoft.Xrm.DevOps.Data.PowerShell\Microsoft.Xrm.DevOps.Data.PowerShell.csproj", "{81CFDB67-5638-40CC-999B-520019E6BDF1}"
	ProjectSection(ProjectDependencies) = postProject
		{529034BD-2E55-4ADA-AAC9-BE47DA1DE108} = {529034BD-2E55-4ADA-AAC9-BE47DA1DE108}
	EndProjectSection
EndProject
Global
	GlobalSection(SolutionConfigurationPlatforms) = preSolution
		Debug|Any CPU = Debug|Any CPU
		Release|Any CPU = Release|Any CPU
	EndGlobalSection
	GlobalSection(ProjectConfigurationPlatforms) = postSolution
		{529034BD-2E55-4ADA-AAC9-BE47DA1DE108}.Debug|Any CPU.ActiveCfg = Debug|Any CPU
		{529034BD-2E55-4ADA-AAC9-BE47DA1DE108}.Debug|Any CPU.Build.0 = Debug|Any CPU
		{529034BD-2E55-4ADA-AAC9-BE47DA1DE108}.Release|Any CPU.ActiveCfg = Release|Any CPU
		{529034BD-2E55-4ADA-AAC9-BE47DA1DE108}.Release|Any CPU.Build.0 = Release|Any CPU
		{884F72BF-53B3-4514-A30E-F1FBE6972118}.Debug|Any CPU.ActiveCfg = Debug|Any CPU
		{884F72BF-53B3-4514-A30E-F1FBE6972118}.Debug|Any CPU.Build.0 = Debug|Any CPU
		{884F72BF-53B3-4514-A30E-F1FBE6972118}.Release|Any CPU.ActiveCfg = Release|Any CPU
		{884F72BF-53B3-4514-A30E-F1FBE6972118}.Release|Any CPU.Build.0 = Release|Any CPU
		{81CFDB67-5638-40CC-999B-520019E6BDF1}.Debug|Any CPU.ActiveCfg = Debug|Any CPU
		{81CFDB67-5638-40CC-999B-520019E6BDF1}.Debug|Any CPU.Build.0 = Debug|Any CPU
		{81CFDB67-5638-40CC-999B-520019E6BDF1}.Release|Any CPU.ActiveCfg = Release|Any CPU
		{81CFDB67-5638-40CC-999B-520019E6BDF1}.Release|Any CPU.Build.0 = Release|Any CPU
	EndGlobalSection
	GlobalSection(SolutionProperties) = preSolution
		HideSolutionNode = FALSE
	EndGlobalSection
	GlobalSection(ExtensibilityGlobals) = postSolution
		SolutionGuid = {EF1CC90E-07F4-4004-A71A-8DC720294090}
	EndGlobalSection
EndGlobal
